// !$*UTF8*$!
{
	archiveVersion = 1;
	classes = {
	};
	objectVersion = 77;
	objects = {

/* Begin PBXContainerItemProxy section */
		A42994E62F80469B00126F05 /* PBXContainerItemProxy */ = {
			isa = PBXContainerItemProxy;
			containerPortal = A42994CE2F80469900126F05 /* Project object */;
			proxyType = 1;
			remoteGlobalIDString = A42994D52F80469900126F05;
			remoteInfo = "Circle Launcher";
		};
		A42994F02F80469B00126F05 /* PBXContainerItemProxy */ = {
			isa = PBXContainerItemProxy;
			containerPortal = A42994CE2F80469900126F05 /* Project object */;
			proxyType = 1;
			remoteGlobalIDString = A42994D52F80469900126F05;
			remoteInfo = "Circle Launcher";
		};
/* End PBXContainerItemProxy section */

/* Begin PBXFileReference section */
		A42994D62F80469900126F05 /* CircleLauncher.app */ = {isa = PBXFileReference; explicitFileType = wrapper.application; includeInIndex = 0; path = CircleLauncher.app; sourceTree = BUILT_PRODUCTS_DIR; };
		A42994E52F80469B00126F05 /* Circle LauncherTests.xctest */ = {isa = PBXFileReference; explicitFileType = wrapper.cfbundle; includeInIndex = 0; path = "Circle LauncherTests.xctest"; sourceTree = BUILT_PRODUCTS_DIR; };
		A42994EF2F80469B00126F05 /* Circle LauncherUITests.xctest */ = {isa = PBXFileReference; explicitFileType = wrapper.cfbundle; includeInIndex = 0; path = "Circle LauncherUITests.xctest"; sourceTree = BUILT_PRODUCTS_DIR; };
		A42995582F80563C00126F05 /* AENDERUNGEN_HOVER_LAUNCH.md */ = {isa = PBXFileReference; lastKnownFileType = net.daringfireball.markdown; path = AENDERUNGEN_HOVER_LAUNCH.md; sourceTree = "<group>"; };
		A429955A2F80570B00126F05 /* FIX_HOVER_ALLE_APPS.md */ = {isa = PBXFileReference; lastKnownFileType = net.daringfireball.markdown; path = FIX_HOVER_ALLE_APPS.md; sourceTree = "<group>"; };
		A429955C2F80583E00126F05 /* KLEINERER_CIRCLE.md */ = {isa = PBXFileReference; lastKnownFileType = net.daringfireball.markdown; path = KLEINERER_CIRCLE.md; sourceTree = "<group>"; };
		A429955E2F8058C600126F05 /* TRANSPARENTER_CENTER_CIRCLE.md */ = {isa = PBXFileReference; lastKnownFileType = net.daringfireball.markdown; path = TRANSPARENTER_CENTER_CIRCLE.md; sourceTree = "<group>"; };
		A42995602F80593A00126F05 /* DONUT_LOCH_MITTE.md */ = {isa = PBXFileReference; lastKnownFileType = net.daringfireball.markdown; path = DONUT_LOCH_MITTE.md; sourceTree = "<group>"; };
		A42995622F8059C100126F05 /* KREISE_ENTFERNT.md */ = {isa = PBXFileReference; lastKnownFileType = net.daringfireball.markdown; path = KREISE_ENTFERNT.md; sourceTree = "<group>"; };
		A4EED36F2F811B01006652C7 /* APPEARANCE_CUSTOMIZATION.md */ = {isa = PBXFileReference; lastKnownFileType = net.daringfireball.markdown; path = APPEARANCE_CUSTOMIZATION.md; sourceTree = "<group>"; };
		A4EED3702F811CFE006652C7 /* CRASH_FIXES.md */ = {isa = PBXFileReference; lastKnownFileType = net.daringfireball.markdown; path = CRASH_FIXES.md; sourceTree = "<group>"; };
		A4EED3712F811DBB006652C7 /* HotkeyManager.swift */ = {isa = PBXFileReference; lastKnownFileType = sourcecode.swift; path = HotkeyManager.swift; sourceTree = "<group>"; };
		A4EED3722F811E3C006652C7 /* CUSTOMIZABLE_HOTKEY.md */ = {isa = PBXFileReference; lastKnownFileType = net.daringfireball.markdown; path = CUSTOMIZABLE_HOTKEY.md; sourceTree = "<group>"; };
		A4EED3732F811EBD006652C7 /* HotkeyManager 2.swift */ = {isa = PBXFileReference; lastKnownFileType = sourcecode.swift; path = "HotkeyManager 2.swift"; sourceTree = "<group>"; };
		A4EED3742F81292C006652C7 /* IconCacheManager.swift */ = {isa = PBXFileReference; lastKnownFileType = sourcecode.swift; path = IconCacheManager.swift; sourceTree = "<group>"; };
/* End PBXFileReference section */

/* Begin PBXFileSystemSynchronizedBuildFileExceptionSet section */
		A4EED36A2F807E72006652C7 /* Exceptions for "Circle Launcher" folder in "Circle Launcher" target */ = {
			isa = PBXFileSystemSynchronizedBuildFileExceptionSet;
			membershipExceptions = (
				APPICON_PROBLEM_BEHEBEN.md,
				BUILD_GUIDE.md,
				FEATURE_EINSTELLBARE_GROESSE.md,
				IMPLEMENTATION.md,
				KEIN_DOCK_ICON.md,
				NEUES_VERHALTEN.md,
				QUICKREF.md,
				QUICKSTART.md,
				README.md,
				SETUP.md,
				SUMMARY.md,
				VISUAL_GUIDE.md,
			);
			target = A42994D52F80469900126F05 /* Circle Launcher */;
		};
/* End PBXFileSystemSynchronizedBuildFileExceptionSet section */

/* Begin PBXFileSystemSynchronizedRootGroup section */
		A42994D82F80469900126F05 /* Circle Launcher */ = {
			isa = PBXFileSystemSynchronizedRootGroup;
			exceptions = (
				A4EED36A2F807E72006652C7 /* Exceptions for "Circle Launcher" folder in "Circle Launcher" target */,
			);
			path = "Circle Launcher";
			sourceTree = "<group>";
		};
		A42994E82F80469B00126F05 /* Circle LauncherTests */ = {
			isa = PBXFileSystemSynchronizedRootGroup;
			path = "Circle LauncherTests";
			sourceTree = "<group>";
		};
		A42994F22F80469B00126F05 /* Circle LauncherUITests */ = {
			isa = PBXFileSystemSynchronizedRootGroup;
			path = "Circle LauncherUITests";
			sourceTree = "<group>";
		};
/* End PBXFileSystemSynchronizedRootGroup section */

/* Begin PBXFrameworksBuildPhase section */
		A42994D32F80469900126F05 /* Frameworks */ = {
			isa = PBXFrameworksBuildPhase;
			buildActionMask = 2147483647;
			files = (
			);
			runOnlyForDeploymentPostprocessing = 0;
		};
		A42994E22F80469B00126F05 /* Frameworks */ = {
			isa = PBXFrameworksBuildPhase;
			buildActionMask = 2147483647;
			files = (
			);
			runOnlyForDeploymentPostprocessing = 0;
		};
		A42994EC2F80469B00126F05 /* Frameworks */ = {
			isa = PBXFrameworksBuildPhase;
			buildActionMask = 2147483647;
			files = (
			);
			runOnlyForDeploymentPostprocessing = 0;
		};
/* End PBXFrameworksBuildPhase section */

/* Begin PBXGroup section */
		A42994CD2F80469900126F05 = {
			isa = PBXGroup;
			children = (
				A42994D82F80469900126F05 /* Circle Launcher */,
				A42994E82F80469B00126F05 /* Circle LauncherTests */,
				A42994F22F80469B00126F05 /* Circle LauncherUITests */,
				A42994D72F80469900126F05 /* Products */,
				A42995582F80563C00126F05 /* AENDERUNGEN_HOVER_LAUNCH.md */,
				A429955A2F80570B00126F05 /* FIX_HOVER_ALLE_APPS.md */,
				A429955C2F80583E00126F05 /* KLEINERER_CIRCLE.md */,
				A429955E2F8058C600126F05 /* TRANSPARENTER_CENTER_CIRCLE.md */,
				A42995602F80593A00126F05 /* DONUT_LOCH_MITTE.md */,
				A42995622F8059C100126F05 /* KREISE_ENTFERNT.md */,
				A4EED36F2F811B01006652C7 /* APPEARANCE_CUSTOMIZATION.md */,
				A4EED3702F811CFE006652C7 /* CRASH_FIXES.md */,
				A4EED3712F811DBB006652C7 /* HotkeyManager.swift */,
				A4EED3722F811E3C006652C7 /* CUSTOMIZABLE_HOTKEY.md */,
				A4EED3732F811EBD006652C7 /* HotkeyManager 2.swift */,
				A4EED3742F81292C006652C7 /* IconCacheManager.swift */,
			);
			sourceTree = "<group>";
		};
		A42994D72F80469900126F05 /* Products */ = {
			isa = PBXGroup;
			children = (
				A42994D62F80469900126F05 /* CircleLauncher.app */,
				A42994E52F80469B00126F05 /* Circle LauncherTests.xctest */,
				A42994EF2F80469B00126F05 /* Circle LauncherUITests.xctest */,
			);
			name = Products;
			sourceTree = "<group>";
		};
/* End PBXGroup section */

/* Begin PBXNativeTarget section */
		A42994D52F80469900126F05 /* Circle Launcher */ = {
			isa = PBXNativeTarget;
			buildConfigurationList = A42994F92F80469B00126F05 /* Build configuration list for PBXNativeTarget "Circle Launcher" */;
			buildPhases = (
				A42994D22F80469900126F05 /* Sources */,
				A42994D32F80469900126F05 /* Frameworks */,
				A42994D42F80469900126F05 /* Resources */,
			);
			buildRules = (
			);
			dependencies = (
			);
			fileSystemSynchronizedGroups = (
				A42994D82F80469900126F05 /* Circle Launcher */,
			);
			name = "Circle Launcher";
			packageProductDependencies = (
			);
			productName = "Circle Launcher";
			productReference = A42994D62F80469900126F05 /* CircleLauncher.app */;
			productType = "com.apple.product-type.application";
		};
		A42994E42F80469B00126F05 /* Circle LauncherTests */ = {
			isa = PBXNativeTarget;
			buildConfigurationList = A42994FC2F80469B00126F05 /* Build configuration list for PBXNativeTarget "Circle LauncherTests" */;
			buildPhases = (
				A42994E12F80469B00126F05 /* Sources */,
				A42994E22F80469B00126F05 /* Frameworks */,
				A42994E32F80469B00126F05 /* Resources */,
			);
			buildRules = (
			);
			dependencies = (
				A42994E72F80469B00126F05 /* PBXTargetDependency */,
			);
			fileSystemSynchronizedGroups = (
				A42994E82F80469B00126F05 /* Circle LauncherTests */,
			);
			name = "Circle LauncherTests";
			packageProductDependencies = (
			);
			productName = "Circle LauncherTests";
			productReference = A42994E52F80469B00126F05 /* Circle LauncherTests.xctest */;
			productType = "com.apple.product-type.bundle.unit-test";
		};
		A42994EE2F80469B00126F05 /* Circle LauncherUITests */ = {
			isa = PBXNativeTarget;
			buildConfigurationList = A42994FF2F80469B00126F05 /* Build configuration list for PBXNativeTarget "Circle LauncherUITests" */;
			buildPhases = (
				A42994EB2F80469B00126F05 /* Sources */,
				A42994EC2F80469B00126F05 /* Frameworks */,
				A42994ED2F80469B00126F05 /* Resources */,
			);
			buildRules = (
			);
			dependencies = (
				A42994F12F80469B00126F05 /* PBXTargetDependency */,
			);
			fileSystemSynchronizedGroups = (
				A42994F22F80469B00126F05 /* Circle LauncherUITests */,
			);
			name = "Circle LauncherUITests";
			packageProductDependencies = (
			);
			productName = "Circle LauncherUITests";
			productReference = A42994EF2F80469B00126F05 /* Circle LauncherUITests.xctest */;
			productType = "com.apple.product-type.bundle.ui-testing";
		};
/* End PBXNativeTarget section */

/* Begin PBXProject section */
		A42994CE2F80469900126F05 /* Project object */ = {
			isa = PBXProject;
			attributes = {
				BuildIndependentTargetsInParallel = 1;
				LastSwiftUpdateCheck = 2620;
				LastUpgradeCheck = 2620;
				TargetAttributes = {
					A42994D52F80469900126F05 = {
						CreatedOnToolsVersion = 26.2;
					};
					A42994E42F80469B00126F05 = {
						CreatedOnToolsVersion = 26.2;
						TestTargetID = A42994D52F80469900126F05;
					};
					A42994EE2F80469B00126F05 = {
						CreatedOnToolsVersion = 26.2;
						TestTargetID = A42994D52F80469900126F05;
					};
				};
			};
			buildConfigurationList = A42994D12F80469900126F05 /* Build configuration list for PBXProject "Circle Launcher" */;
			developmentRegion = en;
			hasScannedForEncodings = 0;
			knownRegions = (
				en,
				Base,
			);
			mainGroup = A42994CD2F80469900126F05;
			minimizedProjectReferenceProxies = 1;
			preferredProjectObjectVersion = 77;
			productRefGroup = A42994D72F80469900126F05 /* Products */;
			projectDirPath = "";
			projectRoot = "";
			targets = (
				A42994D52F80469900126F05 /* Circle Launcher */,
				A42994E42F80469B00126F05 /* Circle LauncherTests */,
				A42994EE2F80469B00126F05 /* Circle LauncherUITests */,
			);
		};
/* End PBXProject section */

/* Begin PBXResourcesBuildPhase section */
		A42994D42F80469900126F05 /* Resources */ = {
			isa = PBXResourcesBuildPhase;
			buildActionMask = 2147483647;
			files = (
			);
			runOnlyForDeploymentPostprocessing = 0;
		};
		A42994E32F80469B00126F05 /* Resources */ = {
			isa = PBXResourcesBuildPhase;
			buildActionMask = 2147483647;
			files = (
			);
			runOnlyForDeploymentPostprocessing = 0;
		};
		A42994ED2F80469B00126F05 /* Resources */ = {
			isa = PBXResourcesBuildPhase;
			buildActionMask = 2147483647;
			files = (
			);
			runOnlyForDeploymentPostprocessing = 0;
		};
/* End PBXResourcesBuildPhase section */

/* Begin PBXSourcesBuildPhase section */
		A42994D22F80469900126F05 /* Sources */ = {
			isa = PBXSourcesBuildPhase;
			buildActionMask = 2147483647;
			files = (
			);
			runOnlyForDeploymentPostprocessing = 0;
		};
		A42994E12F80469B00126F05 /* Sources */ = {
			isa = PBXSourcesBuildPhase;
			buildActionMask = 2147483647;
			files = (
			);
			runOnlyForDeploymentPostprocessing = 0;
		};
		A42994EB2F80469B00126F05 /* Sources */ = {
			isa = PBXSourcesBuildPhase;
			buildActionMask = 2147483647;
			files = (
			);
			runOnlyForDeploymentPostprocessing = 0;
		};
/* End PBXSourcesBuildPhase section */

/* Begin PBXTargetDependency section */
		A42994E72F80469B00126F05 /* PBXTargetDependency */ = {
			isa = PBXTargetDependency;
			target = A42994D52F80469900126F05 /* Circle Launcher */;
			targetProxy = A42994E62F80469B00126F05 /* PBXContainerItemProxy */;
		};
		A42994F12F80469B00126F05 /* PBXTargetDependency */ = {
			isa = PBXTargetDependency;
			target = A42994D52F80469900126F05 /* Circle Launcher */;
			targetProxy = A42994F02F80469B00126F05 /* PBXContainerItemProxy */;
		};
/* End PBXTargetDependency section */

/* Begin XCBuildConfiguration section */
		A42994F72F80469B00126F05 /* Debug */ = {
			isa = XCBuildConfiguration;
			buildSettings = {
				ALWAYS_SEARCH_USER_PATHS = NO;
				ASSETCATALOG_COMPILER_GENERATE_SWIFT_ASSET_SYMBOL_EXTENSIONS = YES;
				CLANG_ANALYZER_NONNULL = YES;
				CLANG_ANALYZER_NUMBER_OBJECT_CONVERSION = YES_AGGRESSIVE;
				CLANG_CXX_LANGUAGE_STANDARD = "gnu++20";
				CLANG_ENABLE_MODULES = YES;
				CLANG_ENABLE_OBJC_ARC = YES;
				CLANG_ENABLE_OBJC_WEAK = YES;
				CLANG_WARN_BLOCK_CAPTURE_AUTORELEASING = YES;
				CLANG_WARN_BOOL_CONVERSION = YES;
				CLANG_WARN_COMMA = YES;
				CLANG_WARN_CONSTANT_CONVERSION = YES;
				CLANG_WARN_DEPRECATED_OBJC_IMPLEMENTATIONS = YES;
				CLANG_WARN_DIRECT_OBJC_ISA_USAGE = YES_ERROR;
				CLANG_WARN_DOCUMENTATION_COMMENTS = YES;
				CLANG_WARN_EMPTY_BODY = YES;
				CLANG_WARN_ENUM_CONVERSION = YES;
				CLANG_WARN_INFINITE_RECURSION = YES;
				CLANG_WARN_INT_CONVERSION = YES;
				CLANG_WARN_NON_LITERAL_NULL_CONVERSION = YES;
				CLANG_WARN_OBJC_IMPLICIT_RETAIN_SELF = YES;
				CLANG_WARN_OBJC_LITERAL_CONVERSION = YES;
				CLANG_WARN_OBJC_ROOT_CLASS = YES_ERROR;
				CLANG_WARN_QUOTED_INCLUDE_IN_FRAMEWORK_HEADER = YES;
				CLANG_WARN_RANGE_LOOP_ANALYSIS = YES;
				CLANG_WARN_STRICT_PROTOTYPES = YES;
				CLANG_WARN_SUSPICIOUS_MOVE = YES;
				CLANG_WARN_UNGUARDED_AVAILABILITY = YES_AGGRESSIVE;
				CLANG_WARN_UNREACHABLE_CODE = YES;
				CLANG_WARN__DUPLICATE_METHOD_MATCH = YES;
				COPY_PHASE_STRIP = NO;
				DEBUG_INFORMATION_FORMAT = dwarf;
				DEVELOPMENT_TEAM = XG5FB25GS8;
				ENABLE_STRICT_OBJC_MSGSEND = YES;
				ENABLE_TESTABILITY = YES;
				ENABLE_USER_SCRIPT_SANDBOXING = YES;
				GCC_C_LANGUAGE_STANDARD = gnu17;
				GCC_DYNAMIC_NO_PIC = NO;
				GCC_NO_COMMON_BLOCKS = YES;
				GCC_OPTIMIZATION_LEVEL = 0;
				GCC_PREPROCESSOR_DEFINITIONS = (
					"DEBUG=1",
					"$(inherited)",
				);
				GCC_WARN_64_TO_32_BIT_CONVERSION = YES;
				GCC_WARN_ABOUT_RETURN_TYPE = YES_ERROR;
				GCC_WARN_UNDECLARED_SELECTOR = YES;
				GCC_WARN_UNINITIALIZED_AUTOS = YES_AGGRESSIVE;
				GCC_WARN_UNUSED_FUNCTION = YES;
				GCC_WARN_UNUSED_VARIABLE = YES;
				LOCALIZATION_PREFERS_STRING_CATALOGS = YES;
				MACOSX_DEPLOYMENT_TARGET = 26.2;
				MTL_ENABLE_DEBUG_INFO = INCLUDE_SOURCE;
				MTL_FAST_MATH = YES;
				ONLY_ACTIVE_ARCH = YES;
				SDKROOT = macosx;
				SWIFT_ACTIVE_COMPILATION_CONDITIONS = "DEBUG $(inherited)";
				SWIFT_OPTIMIZATION_LEVEL = "-Onone";
			};
			name = Debug;
		};
		A42994F82F80469B00126F05 /* Release */ = {
			isa = XCBuildConfiguration;
			buildSettings = {
				ALWAYS_SEARCH_USER_PATHS = NO;
				ASSETCATALOG_COMPILER_GENERATE_SWIFT_ASSET_SYMBOL_EXTENSIONS = YES;
				CLANG_ANALYZER_NONNULL = YES;
				CLANG_ANALYZER_NUMBER_OBJECT_CONVERSION = YES_AGGRESSIVE;
				CLANG_CXX_LANGUAGE_STANDARD = "gnu++20";
				CLANG_ENABLE_MODULES = YES;
				CLANG_ENABLE_OBJC_ARC = YES;
				CLANG_ENABLE_OBJC_WEAK = YES;
				CLANG_WARN_BLOCK_CAPTURE_AUTORELEASING = YES;
				CLANG_WARN_BOOL_CONVERSION = YES;
				CLANG_WARN_COMMA = YES;
				CLANG_WARN_CONSTANT_CONVERSION = YES;
				CLANG_WARN_DEPRECATED_OBJC_IMPLEMENTATIONS = YES;
				CLANG_WARN_DIRECT_OBJC_ISA_USAGE = YES_ERROR;
				CLANG_WARN_DOCUMENTATION_COMMENTS = YES;
				CLANG_WARN_EMPTY_BODY = YES;
				CLANG_WARN_ENUM_CONVERSION = YES;
				CLANG_WARN_INFINITE_RECURSION = YES;
				CLANG_WARN_INT_CONVERSION = YES;
				CLANG_WARN_NON_LITERAL_NULL_CONVERSION = YES;
				CLANG_WARN_OBJC_IMPLICIT_RETAIN_SELF = YES;
				CLANG_WARN_OBJC_LITERAL_CONVERSION = YES;
				CLANG_WARN_OBJC_ROOT_CLASS = YES_ERROR;
				CLANG_WARN_QUOTED_INCLUDE_IN_FRAMEWORK_HEADER = YES;
				CLANG_WARN_RANGE_LOOP_ANALYSIS = YES;
				CLANG_WARN_STRICT_PROTOTYPES = YES;
				CLANG_WARN_SUSPICIOUS_MOVE = YES;
				CLANG_WARN_UNGUARDED_AVAILABILITY = YES_AGGRESSIVE;
				CLANG_WARN_UNREACHABLE_CODE = YES;
				CLANG_WARN__DUPLICATE_METHOD_MATCH = YES;
				COPY_PHASE_STRIP = NO;
				DEBUG_INFORMATION_FORMAT = "dwarf-with-dsym";
				DEVELOPMENT_TEAM = XG5FB25GS8;
				ENABLE_NS_ASSERTIONS = NO;
				ENABLE_STRICT_OBJC_MSGSEND = YES;
				ENABLE_USER_SCRIPT_SANDBOXING = YES;
				GCC_C_LANGUAGE_STANDARD = gnu17;
				GCC_NO_COMMON_BLOCKS = YES;
				GCC_WARN_64_TO_32_BIT_CONVERSION = YES;
				GCC_WARN_ABOUT_RETURN_TYPE = YES_ERROR;
				GCC_WARN_UNDECLARED_SELECTOR = YES;
				GCC_WARN_UNINITIALIZED_AUTOS = YES_AGGRESSIVE;
				GCC_WARN_UNUSED_FUNCTION = YES;
				GCC_WARN_UNUSED_VARIABLE = YES;
				LOCALIZATION_PREFERS_STRING_CATALOGS = YES;
				MACOSX_DEPLOYMENT_TARGET = 26.2;
				MTL_ENABLE_DEBUG_INFO = NO;
				MTL_FAST_MATH = YES;
				SDKROOT = macosx;
				SWIFT_COMPILATION_MODE = wholemodule;
			};
			name = Release;
		};
		A42994FA2F80469B00126F05 /* Debug */ = {
			isa = XCBuildConfiguration;
			buildSettings = {
				ASSETCATALOG_COMPILER_APPICON_NAME = AppIcon;
				ASSETCATALOG_COMPILER_GLOBAL_ACCENT_COLOR_NAME = AccentColor;
				ASSETCATALOG_COMPILER_INCLUDE_ALL_APPICON_ASSETS = YES;
				CODE_SIGN_STYLE = Automatic;
				COMBINE_HIDPI_IMAGES = YES;
				CURRENT_PROJECT_VERSION = 1.2;
				DEVELOPMENT_TEAM = XG5FB25GS8;
				ENABLE_APP_SANDBOX = YES;
				ENABLE_HARDENED_RUNTIME = YES;
				ENABLE_PREVIEWS = YES;
				ENABLE_USER_SELECTED_FILES = readonly;
				GENERATE_INFOPLIST_FILE = YES;
				INFOPLIST_KEY_CFBundleDisplayName = "Circle Launcher";
				INFOPLIST_KEY_LSApplicationCategoryType = "public.app-category.productivity";
				INFOPLIST_KEY_NSHumanReadableCopyright = "";
				LD_RUNPATH_SEARCH_PATHS = (
					"$(inherited)",
					"@executable_path/../Frameworks",
				);
				MACOSX_DEPLOYMENT_TARGET = 15.6;
				MARKETING_VERSION = 1.1.1;
				PRODUCT_BUNDLE_IDENTIFIER = com.andre.CircleLauncher1;
				PRODUCT_NAME = CircleLauncher;
				REGISTER_APP_GROUPS = YES;
				STRING_CATALOG_GENERATE_SYMBOLS = YES;
				SWIFT_APPROACHABLE_CONCURRENCY = YES;
				SWIFT_DEFAULT_ACTOR_ISOLATION = MainActor;
				SWIFT_EMIT_LOC_STRINGS = YES;
				SWIFT_UPCOMING_FEATURE_MEMBER_IMPORT_VISIBILITY = YES;
				SWIFT_VERSION = 5.0;
			};
			name = Debug;
		};
		A42994FB2F80469B00126F05 /* Release */ = {
			isa = XCBuildConfiguration;
			buildSettings = {
				ASSETCATALOG_COMPILER_APPICON_NAME = AppIcon;
				ASSETCATALOG_COMPILER_GLOBAL_ACCENT_COLOR_NAME = AccentColor;
				ASSETCATALOG_COMPILER_INCLUDE_ALL_APPICON_ASSETS = YES;
				CODE_SIGN_STYLE = Automatic;
				COMBINE_HIDPI_IMAGES = YES;
				CURRENT_PROJECT_VERSION = 1.2;
				DEVELOPMENT_TEAM = XG5FB25GS8;
				ENABLE_APP_SANDBOX = YES;
				ENABLE_HARDENED_RUNTIME = YES;
				ENABLE_PREVIEWS = YES;
				ENABLE_USER_SELECTED_FILES = readonly;
				GENERATE_INFOPLIST_FILE = YES;
				INFOPLIST_KEY_CFBundleDisplayName = "Circle Launcher";
				INFOPLIST_KEY_LSApplicationCategoryType = "public.app-category.productivity";
				INFOPLIST_KEY_NSHumanReadableCopyright = "";
				LD_RUNPATH_SEARCH_PATHS = (
					"$(inherited)",
					"@executable_path/../Frameworks",
				);
				MACOSX_DEPLOYMENT_TARGET = 15.6;
				MARKETING_VERSION = 1.1.1;
				PRODUCT_BUNDLE_IDENTIFIER = com.andre.CircleLauncher1;
				PRODUCT_NAME = CircleLauncher;
				REGISTER_APP_GROUPS = YES;
				STRING_CATALOG_GENERATE_SYMBOLS = YES;
				SWIFT_APPROACHABLE_CONCURRENCY = YES;
				SWIFT_DEFAULT_ACTOR_ISOLATION = MainActor;
				SWIFT_EMIT_LOC_STRINGS = YES;
				SWIFT_UPCOMING_FEATURE_MEMBER_IMPORT_VISIBILITY = YES;
				SWIFT_VERSION = 5.0;
			};
			name = Release;
		};
		A42994FD2F80469B00126F05 /* Debug */ = {
			isa = XCBuildConfiguration;
			buildSettings = {
				BUNDLE_LOADER = "$(TEST_HOST)";
				CODE_SIGN_STYLE = Automatic;
				CURRENT_PROJECT_VERSION = 1;
				DEVELOPMENT_TEAM = XG5FB25GS8;
				GENERATE_INFOPLIST_FILE = YES;
				MACOSX_DEPLOYMENT_TARGET = 26.2;
				MARKETING_VERSION = 1.0;
				PRODUCT_BUNDLE_IDENTIFIER = com.andre.CircleLauncherTests1;
				PRODUCT_NAME = "$(TARGET_NAME)";
				STRING_CATALOG_GENERATE_SYMBOLS = NO;
				SWIFT_APPROACHABLE_CONCURRENCY = YES;
				SWIFT_EMIT_LOC_STRINGS = NO;
				SWIFT_UPCOMING_FEATURE_MEMBER_IMPORT_VISIBILITY = YES;
				SWIFT_VERSION = 5.0;
				TEST_HOST = "$(BUILT_PRODUCTS_DIR)/Circle Launcher.app/$(BUNDLE_EXECUTABLE_FOLDER_PATH)/Circle Launcher";
			};
			name = Debug;
		};
		A42994FE2F80469B00126F05 /* Release */ = {
			isa = XCBuildConfiguration;
			buildSettings = {
				BUNDLE_LOADER = "$(TEST_HOST)";
				CODE_SIGN_STYLE = Automatic;
				CURRENT_PROJECT_VERSION = 1;
				DEVELOPMENT_TEAM = XG5FB25GS8;
				GENERATE_INFOPLIST_FILE = YES;
				MACOSX_DEPLOYMENT_TARGET = 26.2;
				MARKETING_VERSION = 1.0;
				PRODUCT_BUNDLE_IDENTIFIER = com.andre.CircleLauncherTests1;
				PRODUCT_NAME = "$(TARGET_NAME)";
				STRING_CATALOG_GENERATE_SYMBOLS = NO;
				SWIFT_APPROACHABLE_CONCURRENCY = YES;
				SWIFT_EMIT_LOC_STRINGS = NO;
				SWIFT_UPCOMING_FEATURE_MEMBER_IMPORT_VISIBILITY = YES;
				SWIFT_VERSION = 5.0;
				TEST_HOST = "$(BUILT_PRODUCTS_DIR)/Circle Launcher.app/$(BUNDLE_EXECUTABLE_FOLDER_PATH)/Circle Launcher";
			};
			name = Release;
		};
		A42995002F80469B00126F05 /* Debug */ = {
			isa = XCBuildConfiguration;
			buildSettings = {
				CODE_SIGN_STYLE = Automatic;
				CURRENT_PROJECT_VERSION = 1;
				DEVELOPMENT_TEAM = XG5FB25GS8;
				GENERATE_INFOPLIST_FILE = YES;
				MARKETING_VERSION = 1.0;
				PRODUCT_BUNDLE_IDENTIFIER = com.andre.CircleLauncherUITests1;
				PRODUCT_NAME = "$(TARGET_NAME)";
				STRING_CATALOG_GENERATE_SYMBOLS = NO;
				SWIFT_APPROACHABLE_CONCURRENCY = YES;
				SWIFT_EMIT_LOC_STRINGS = NO;
				SWIFT_UPCOMING_FEATURE_MEMBER_IMPORT_VISIBILITY = YES;
				SWIFT_VERSION = 5.0;
				TEST_TARGET_NAME = "Circle Launcher";
			};
			name = Debug;
		};
		A42995012F80469B00126F05 /* Release */ = {
			isa = XCBuildConfiguration;
			buildSettings = {
				CODE_SIGN_STYLE = Automatic;
				CURRENT_PROJECT_VERSION = 1;
				DEVELOPMENT_TEAM = XG5FB25GS8;
				GENERATE_INFOPLIST_FILE = YES;
				MARKETING_VERSION = 1.0;
				PRODUCT_BUNDLE_IDENTIFIER = com.andre.CircleLauncherUITests1;
				PRODUCT_NAME = "$(TARGET_NAME)";
				STRING_CATALOG_GENERATE_SYMBOLS = NO;
				SWIFT_APPROACHABLE_CONCURRENCY = YES;
				SWIFT_EMIT_LOC_STRINGS = NO;
				SWIFT_UPCOMING_FEATURE_MEMBER_IMPORT_VISIBILITY = YES;
				SWIFT_VERSION = 5.0;
				TEST_TARGET_NAME = "Circle Launcher";
			};
			name = Release;
		};
/* End XCBuildConfiguration section */

/* Begin XCConfigurationList section */
		A42994D12F80469900126F05 /* Build configuration list for PBXProject "Circle Launcher" */ = {
			isa = XCConfigurationList;
			buildConfigurations = (
				A42994F72F80469B00126F05 /* Debug */,
				A42994F82F80469B00126F05 /* Release */,
			);
			defaultConfigurationIsVisible = 0;
			defaultConfigurationName = Release;
		};
		A42994F92F80469B00126F05 /* Build configuration list for PBXNativeTarget "Circle Launcher" */ = {
			isa = XCConfigurationList;
			buildConfigurations = (
				A42994FA2F80469B00126F05 /* Debug */,
				A42994FB2F80469B00126F05 /* Release */,
			);
			defaultConfigurationIsVisible = 0;
			defaultConfigurationName = Release;
		};
		A42994FC2F80469B00126F05 /* Build configuration list for PBXNativeTarget "Circle LauncherTests" */ = {
			isa = XCConfigurationList;
			buildConfigurations = (
				A42994FD2F80469B00126F05 /* Debug */,
				A42994FE2F80469B00126F05 /* Release */,
			);
			defaultConfigurationIsVisible = 0;
			defaultConfigurationName = Release;
		};
		A42994FF2F80469B00126F05 /* Build configuration list for PBXNativeTarget "Circle LauncherUITests" */ = {
			isa = XCConfigurationList;
			buildConfigurations = (
				A42995002F80469B00126F05 /* Debug */,
				A42995012F80469B00126F05 /* Release */,
			);
			defaultConfigurationIsVisible = 0;
			defaultConfigurationName = Release;
		};
/* End XCConfigurationList section */
	};
	rootObject = A42994CE2F80469900126F05 /* Project object */;
}
